
Microsoft Visual Studio Solution File, Format Version 12.00
# Visual Studio Version 16
VisualStudioVersion = 16.0.34601.136
MinimumVisualStudioVersion = 10.0.40219.1
Project("{FAE04EC0-301F-11D3-BF4B-00C04F79EFBC}") = "LESSON3_lab3.3", "LESSON3_lab3.3.csproj", "{16B61A7A-1642-4266-A866-F0FF41FADE40}"
EndProject
Global
	GlobalSection(SolutionConfigurationPlatforms) = preSolution
		Debug|Any CPU = Debug|Any CPU
		Release|Any CPU = Release|Any CPU
	EndGlobalSection
	GlobalSection(ProjectConfigurationPlatforms) = postSolution
		{16B61A7A-1642-4266-A866-F0FF41FADE40}.Debug|Any CPU.ActiveCfg = Debug|Any CPU
		{16B61A7A-1642-4266-A866-F0FF41FADE40}.Debug|Any CPU.Build.0 = Debug|Any CPU
		{16B61A7A-1642-4266-A866-F0FF41FADE40}.Release|Any CPU.ActiveCfg = Release|Any CPU
		{16B61A7A-1642-4266-A866-F0FF41FADE40}.Release|Any CPU.Build.0 = Release|Any CPU
	EndGlobalSection
	GlobalSection(SolutionProperties) = preSolution
		HideSolutionNode = FALSE
	EndGlobalSection
	GlobalSection(ExtensibilityGlobals) = postSolution
		SolutionGuid = {9FDA61CA-44CE-4533-B6CB-2B4401E5AC7D}
	EndGlobalSection
EndGlobal
