
Microsoft Visual Studio Solution File, Format Version 12.00
# Visual Studio Version 16
VisualStudioVersion = 16.0.34601.136
MinimumVisualStudioVersion = 10.0.40219.1
Project("{FAE04EC0-301F-11D3-BF4B-00C04F79EFBC}") = "LESSON3_LAB3.1", "LESSON3_LAB3.1.csproj", "{0940BD84-CE4A-4F3A-9F42-C07A14DD9E41}"
EndProject
Global
	GlobalSection(SolutionConfigurationPlatforms) = preSolution
		Debug|Any CPU = Debug|Any CPU
		Release|Any CPU = Release|Any CPU
	EndGlobalSection
	GlobalSection(ProjectConfigurationPlatforms) = postSolution
		{0940BD84-CE4A-4F3A-9F42-C07A14DD9E41}.Debug|Any CPU.ActiveCfg = Debug|Any CPU
		{0940BD84-CE4A-4F3A-9F42-C07A14DD9E41}.Debug|Any CPU.Build.0 = Debug|Any CPU
		{0940BD84-CE4A-4F3A-9F42-C07A14DD9E41}.Release|Any CPU.ActiveCfg = Release|Any CPU
		{0940BD84-CE4A-4F3A-9F42-C07A14DD9E41}.Release|Any CPU.Build.0 = Release|Any CPU
	EndGlobalSection
	GlobalSection(SolutionProperties) = preSolution
		HideSolutionNode = FALSE
	EndGlobalSection
	GlobalSection(ExtensibilityGlobals) = postSolution
		SolutionGuid = {FA61B969-068A-4104-9AF3-0C5FD9FB3C54}
	EndGlobalSection
EndGlobal
